// !$*UTF8*$!
{
	archiveVersion = 1;
	classes = {
	};
	objectVersion = 50;
	objects = {

/* Begin PBXBuildFile section */
		A0463D2722B6AB0400811228 /* AppDelegate.swift in Sources */ = {isa = PBXBuildFile; fileRef = A0463D2622B6AB0400811228 /* AppDelegate.swift */; };
		A0463D2922B6AB0400811228 /* SceneDelegate.swift in Sources */ = {isa = PBXBuildFile; fileRef = A0463D2822B6AB0400811228 /* SceneDelegate.swift */; };
		A0463D2D22B6AB0600811228 /* Assets.xcassets in Resources */ = {isa = PBXBuildFile; fileRef = A0463D2C22B6AB0600811228 /* Assets.xcassets */; };
		A0463D3022B6AB0600811228 /* Preview Assets.xcassets in Resources */ = {isa = PBXBuildFile; fileRef = A0463D2F22B6AB0600811228 /* Preview Assets.xcassets */; };
		A0463D3322B6AB0600811228 /* LaunchScreen.storyboard in Resources */ = {isa = PBXBuildFile; fileRef = A0463D3122B6AB0600811228 /* LaunchScreen.storyboard */; };
		A0463D4922B6AB3F00811228 /* LocalSongsList.swift in Sources */ = {isa = PBXBuildFile; fileRef = A0463D3B22B6AB3F00811228 /* LocalSongsList.swift */; };
		A0463D4A22B6AB3F00811228 /* SongRow.swift in Sources */ = {isa = PBXBuildFile; fileRef = A0463D3D22B6AB3F00811228 /* SongRow.swift */; };
		A0463D4B22B6AB3F00811228 /* SwiftUIDownloadView.swift in Sources */ = {isa = PBXBuildFile; fileRef = A0463D3E22B6AB3F00811228 /* SwiftUIDownloadView.swift */; };
		A0463D4C22B6AB3F00811228 /* Song.swift in Sources */ = {isa = PBXBuildFile; fileRef = A0463D3F22B6AB3F00811228 /* Song.swift */; };
		A0463D4D22B6AB3F00811228 /* AnySubscription.swift in Sources */ = {isa = PBXBuildFile; fileRef = A0463D4022B6AB3F00811228 /* AnySubscription.swift */; };
		A0463D4E22B6AB3F00811228 /* ActivityIndicator.swift in Sources */ = {isa = PBXBuildFile; fileRef = A0463D4122B6AB3F00811228 /* ActivityIndicator.swift */; };
		A0463D4F22B6AB3F00811228 /* LocalSongsStore.swift in Sources */ = {isa = PBXBuildFile; fileRef = A0463D4222B6AB3F00811228 /* LocalSongsStore.swift */; };
		A0463D5022B6AB3F00811228 /* URLSessionExtensions.swift in Sources */ = {isa = PBXBuildFile; fileRef = A0463D4322B6AB3F00811228 /* URLSessionExtensions.swift */; };
		A0463D5122B6AB3F00811228 /* SceneState.swift in Sources */ = {isa = PBXBuildFile; fileRef = A0463D4422B6AB3F00811228 /* SceneState.swift */; };
		A0463D5222B6AB3F00811228 /* ErrorView.swift in Sources */ = {isa = PBXBuildFile; fileRef = A0463D4522B6AB3F00811228 /* ErrorView.swift */; };
		A0463D5322B6AB3F00811228 /* SongsListView.swift in Sources */ = {isa = PBXBuildFile; fileRef = A0463D4722B6AB3F00811228 /* SongsListView.swift */; };
		A0463D5422B6AB3F00811228 /* SongsListViewModel.swift in Sources */ = {isa = PBXBuildFile; fileRef = A0463D4822B6AB3F00811228 /* SongsListViewModel.swift */; };
/* End PBXBuildFile section */

/* Begin PBXFileReference section */
		A0463D2322B6AB0400811228 /* SwiftUIMVVMSample.app */ = {isa = PBXFileReference; explicitFileType = wrapper.application; includeInIndex = 0; path = SwiftUIMVVMSample.app; sourceTree = BUILT_PRODUCTS_DIR; };
		A0463D2622B6AB0400811228 /* AppDelegate.swift */ = {isa = PBXFileReference; lastKnownFileType = sourcecode.swift; path = AppDelegate.swift; sourceTree = "<group>"; };
		A0463D2822B6AB0400811228 /* SceneDelegate.swift */ = {isa = PBXFileReference; lastKnownFileType = sourcecode.swift; path = SceneDelegate.swift; sourceTree = "<group>"; };
		A0463D2C22B6AB0600811228 /* Assets.xcassets */ = {isa = PBXFileReference; lastKnownFileType = folder.assetcatalog; path = Assets.xcassets; sourceTree = "<group>"; };
		A0463D2F22B6AB0600811228 /* Preview Assets.xcassets */ = {isa = PBXFileReference; lastKnownFileType = folder.assetcatalog; path = "Preview Assets.xcassets"; sourceTree = "<group>"; };
		A0463D3222B6AB0600811228 /* Base */ = {isa = PBXFileReference; lastKnownFileType = file.storyboard; name = Base; path = Base.lproj/LaunchScreen.storyboard; sourceTree = "<group>"; };
		A0463D3422B6AB0600811228 /* Info.plist */ = {isa = PBXFileReference; lastKnownFileType = text.plist.xml; path = Info.plist; sourceTree = "<group>"; };
		A0463D3B22B6AB3F00811228 /* LocalSongsList.swift */ = {isa = PBXFileReference; fileEncoding = 4; lastKnownFileType = sourcecode.swift; path = LocalSongsList.swift; sourceTree = "<group>"; };
		A0463D3D22B6AB3F00811228 /* SongRow.swift */ = {isa = PBXFileReference; fileEncoding = 4; lastKnownFileType = sourcecode.swift; path = SongRow.swift; sourceTree = "<group>"; };
		A0463D3E22B6AB3F00811228 /* SwiftUIDownloadView.swift */ = {isa = PBXFileReference; fileEncoding = 4; lastKnownFileType = sourcecode.swift; path = SwiftUIDownloadView.swift; sourceTree = "<group>"; };
		A0463D3F22B6AB3F00811228 /* Song.swift */ = {isa = PBXFileReference; fileEncoding = 4; lastKnownFileType = sourcecode.swift; path = Song.swift; sourceTree = "<group>"; };
		A0463D4022B6AB3F00811228 /* AnySubscription.swift */ = {isa = PBXFileReference; fileEncoding = 4; lastKnownFileType = sourcecode.swift; path = AnySubscription.swift; sourceTree = "<group>"; };
		A0463D4122B6AB3F00811228 /* ActivityIndicator.swift */ = {isa = PBXFileReference; fileEncoding = 4; lastKnownFileType = sourcecode.swift; path = ActivityIndicator.swift; sourceTree = "<group>"; };
		A0463D4222B6AB3F00811228 /* LocalSongsStore.swift */ = {isa = PBXFileReference; fileEncoding = 4; lastKnownFileType = sourcecode.swift; path = LocalSongsStore.swift; sourceTree = "<group>"; };
		A0463D4322B6AB3F00811228 /* URLSessionExtensions.swift */ = {isa = PBXFileReference; fileEncoding = 4; lastKnownFileType = sourcecode.swift; path = URLSessionExtensions.swift; sourceTree = "<group>"; };
		A0463D4422B6AB3F00811228 /* SceneState.swift */ = {isa = PBXFileReference; fileEncoding = 4; lastKnownFileType = sourcecode.swift; path = SceneState.swift; sourceTree = "<group>"; };
		A0463D4522B6AB3F00811228 /* ErrorView.swift */ = {isa = PBXFileReference; fileEncoding = 4; lastKnownFileType = sourcecode.swift; path = ErrorView.swift; sourceTree = "<group>"; };
		A0463D4722B6AB3F00811228 /* SongsListView.swift */ = {isa = PBXFileReference; fileEncoding = 4; lastKnownFileType = sourcecode.swift; path = SongsListView.swift; sourceTree = "<group>"; };
		A0463D4822B6AB3F00811228 /* SongsListViewModel.swift */ = {isa = PBXFileReference; fileEncoding = 4; lastKnownFileType = sourcecode.swift; path = SongsListViewModel.swift; sourceTree = "<group>"; };
/* End PBXFileReference section */

/* Begin PBXFrameworksBuildPhase section */
		A0463D2022B6AB0400811228 /* Frameworks */ = {
			isa = PBXFrameworksBuildPhase;
			buildActionMask = 2147483647;
			files = (
			);
			runOnlyForDeploymentPostprocessing = 0;
		};
/* End PBXFrameworksBuildPhase section */

/* Begin PBXGroup section */
		A0463D1A22B6AB0400811228 = {
			isa = PBXGroup;
			children = (
				A0463D2522B6AB0400811228 /* SwiftUIMVVMSample */,
				A0463D2422B6AB0400811228 /* Products */,
			);
			sourceTree = "<group>";
		};
		A0463D2422B6AB0400811228 /* Products */ = {
			isa = PBXGroup;
			children = (
				A0463D2322B6AB0400811228 /* SwiftUIMVVMSample.app */,
			);
			name = Products;
			sourceTree = "<group>";
		};
		A0463D2522B6AB0400811228 /* SwiftUIMVVMSample */ = {
			isa = PBXGroup;
			children = (
				A0463D5522B6AB4300811228 /* App */,
				A0463D3A22B6AB3F00811228 /* LocalSongsListScene */,
				A0463D3C22B6AB3F00811228 /* Shared */,
				A0463D4622B6AB3F00811228 /* SongsListScene */,
				A0463D2C22B6AB0600811228 /* Assets.xcassets */,
				A0463D3422B6AB0600811228 /* Info.plist */,
				A0463D2E22B6AB0600811228 /* Preview Content */,
			);
			path = SwiftUIMVVMSample;
			sourceTree = "<group>";
		};
		A0463D2E22B6AB0600811228 /* Preview Content */ = {
			isa = PBXGroup;
			children = (
				A0463D2F22B6AB0600811228 /* Preview Assets.xcassets */,
			);
			path = "Preview Content";
			sourceTree = "<group>";
		};
		A0463D3A22B6AB3F00811228 /* LocalSongsListScene */ = {
			isa = PBXGroup;
			children = (
				A0463D3B22B6AB3F00811228 /* LocalSongsList.swift */,
			);
			path = LocalSongsListScene;
			sourceTree = "<group>";
		};
		A0463D3C22B6AB3F00811228 /* Shared */ = {
			isa = PBXGroup;
			children = (
				A0463D3D22B6AB3F00811228 /* SongRow.swift */,
				A0463D3E22B6AB3F00811228 /* SwiftUIDownloadView.swift */,
				A0463D3F22B6AB3F00811228 /* Song.swift */,
				A0463D4022B6AB3F00811228 /* AnySubscription.swift */,
				A0463D4122B6AB3F00811228 /* ActivityIndicator.swift */,
				A0463D4222B6AB3F00811228 /* LocalSongsStore.swift */,
				A0463D4322B6AB3F00811228 /* URLSessionExtensions.swift */,
				A0463D4422B6AB3F00811228 /* SceneState.swift */,
				A0463D4522B6AB3F00811228 /* ErrorView.swift */,
			);
			path = Shared;
			sourceTree = "<group>";
		};
		A0463D4622B6AB3F00811228 /* SongsListScene */ = {
			isa = PBXGroup;
			children = (
				A0463D4722B6AB3F00811228 /* SongsListView.swift */,
				A0463D4822B6AB3F00811228 /* SongsListViewModel.swift */,
			);
			path = SongsListScene;
			sourceTree = "<group>";
		};
		A0463D5522B6AB4300811228 /* App */ = {
			isa = PBXGroup;
			children = (
				A0463D3122B6AB0600811228 /* LaunchScreen.storyboard */,
				A0463D2622B6AB0400811228 /* AppDelegate.swift */,
				A0463D2822B6AB0400811228 /* SceneDelegate.swift */,
			);
			path = App;
			sourceTree = "<group>";
		};
/* End PBXGroup section */

/* Begin PBXNativeTarget section */
		A0463D2222B6AB0400811228 /* SwiftUIMVVMSample */ = {
			isa = PBXNativeTarget;
			buildConfigurationList = A0463D3722B6AB0600811228 /* Build configuration list for PBXNativeTarget "SwiftUIMVVMSample" */;
			buildPhases = (
				A0463D1F22B6AB0400811228 /* Sources */,
				A0463D2022B6AB0400811228 /* Frameworks */,
				A0463D2122B6AB0400811228 /* Resources */,
			);
			buildRules = (
			);
			dependencies = (
			);
			name = SwiftUIMVVMSample;
			productName = SwiftUIMVVMSample;
			productReference = A0463D2322B6AB0400811228 /* SwiftUIMVVMSample.app */;
			productType = "com.apple.product-type.application";
		};
/* End PBXNativeTarget section */

/* Begin PBXProject section */
		A0463D1B22B6AB0400811228 /* Project object */ = {
			isa = PBXProject;
			attributes = {
				LastSwiftUpdateCheck = 1100;
				LastUpgradeCheck = 1100;
				ORGANIZATIONNAME = Nishith;
				TargetAttributes = {
					A0463D2222B6AB0400811228 = {
						CreatedOnToolsVersion = 11.0;
					};
				};
			};
			buildConfigurationList = A0463D1E22B6AB0400811228 /* Build configuration list for PBXProject "SwiftUIMVVMSample" */;
			compatibilityVersion = "Xcode 9.3";
			developmentRegion = en;
			hasScannedForEncodings = 0;
			knownRegions = (
				en,
				Base,
			);
			mainGroup = A0463D1A22B6AB0400811228;
			productRefGroup = A0463D2422B6AB0400811228 /* Products */;
			projectDirPath = "";
			projectRoot = "";
			targets = (
				A0463D2222B6AB0400811228 /* SwiftUIMVVMSample */,
			);
		};
/* End PBXProject section */

/* Begin PBXResourcesBuildPhase section */
		A0463D2122B6AB0400811228 /* Resources */ = {
			isa = PBXResourcesBuildPhase;
			buildActionMask = 2147483647;
			files = (
				A0463D3322B6AB0600811228 /* LaunchScreen.storyboard in Resources */,
				A0463D3022B6AB0600811228 /* Preview Assets.xcassets in Resources */,
				A0463D2D22B6AB0600811228 /* Assets.xcassets in Resources */,
			);
			runOnlyForDeploymentPostprocessing = 0;
		};
/* End PBXResourcesBuildPhase section */

/* Begin PBXSourcesBuildPhase section */
		A0463D1F22B6AB0400811228 /* Sources */ = {
			isa = PBXSourcesBuildPhase;
			buildActionMask = 2147483647;
			files = (
				A0463D4C22B6AB3F00811228 /* Song.swift in Sources */,
				A0463D4B22B6AB3F00811228 /* SwiftUIDownloadView.swift in Sources */,
				A0463D4922B6AB3F00811228 /* LocalSongsList.swift in Sources */,
				A0463D2722B6AB0400811228 /* AppDelegate.swift in Sources */,
				A0463D4A22B6AB3F00811228 /* SongRow.swift in Sources */,
				A0463D4D22B6AB3F00811228 /* AnySubscription.swift in Sources */,
				A0463D5122B6AB3F00811228 /* SceneState.swift in Sources */,
				A0463D2922B6AB0400811228 /* SceneDelegate.swift in Sources */,
				A0463D5022B6AB3F00811228 /* URLSessionExtensions.swift in Sources */,
				A0463D5422B6AB3F00811228 /* SongsListViewModel.swift in Sources */,
				A0463D4E22B6AB3F00811228 /* ActivityIndicator.swift in Sources */,
				A0463D4F22B6AB3F00811228 /* LocalSongsStore.swift in Sources */,
				A0463D5222B6AB3F00811228 /* ErrorView.swift in Sources */,
				A0463D5322B6AB3F00811228 /* SongsListView.swift in Sources */,
			);
			runOnlyForDeploymentPostprocessing = 0;
		};
/* End PBXSourcesBuildPhase section */

/* Begin PBXVariantGroup section */
		A0463D3122B6AB0600811228 /* LaunchScreen.storyboard */ = {
			isa = PBXVariantGroup;
			children = (
				A0463D3222B6AB0600811228 /* Base */,
			);
			name = LaunchScreen.storyboard;
			sourceTree = "<group>";
		};
/* End PBXVariantGroup section */

/* Begin XCBuildConfiguration section */
		A0463D3522B6AB0600811228 /* Debug */ = {
			isa = XCBuildConfiguration;
			buildSettings = {
				ALWAYS_SEARCH_USER_PATHS = NO;
				CLANG_ANALYZER_NONNULL = YES;
				CLANG_ANALYZER_NUMBER_OBJECT_CONVERSION = YES_AGGRESSIVE;
				CLANG_CXX_LANGUAGE_STANDARD = "gnu++14";
				CLANG_CXX_LIBRARY = "libc++";
				CLANG_ENABLE_MODULES = YES;
				CLANG_ENABLE_OBJC_ARC = YES;
				CLANG_ENABLE_OBJC_WEAK = YES;
				CLANG_WARN_BLOCK_CAPTURE_AUTORELEASING = YES;
				CLANG_WARN_BOOL_CONVERSION = YES;
				CLANG_WARN_COMMA = YES;
				CLANG_WARN_CONSTANT_CONVERSION = YES;
				CLANG_WARN_DEPRECATED_OBJC_IMPLEMENTATIONS = YES;
				CLANG_WARN_DIRECT_OBJC_ISA_USAGE = YES_ERROR;
				CLANG_WARN_DOCUMENTATION_COMMENTS = YES;
				CLANG_WARN_EMPTY_BODY = YES;
				CLANG_WARN_ENUM_CONVERSION = YES;
				CLANG_WARN_INFINITE_RECURSION = YES;
				CLANG_WARN_INT_CONVERSION = YES;
				CLANG_WARN_NON_LITERAL_NULL_CONVERSION = YES;
				CLANG_WARN_OBJC_IMPLICIT_RETAIN_SELF = YES;
				CLANG_WARN_OBJC_LITERAL_CONVERSION = YES;
				CLANG_WARN_OBJC_ROOT_CLASS = YES_ERROR;
				CLANG_WARN_RANGE_LOOP_ANALYSIS = YES;
				CLANG_WARN_STRICT_PROTOTYPES = YES;
				CLANG_WARN_SUSPICIOUS_MOVE = YES;
				CLANG_WARN_UNGUARDED_AVAILABILITY = YES_AGGRESSIVE;
				CLANG_WARN_UNREACHABLE_CODE = YES;
				CLANG_WARN__DUPLICATE_METHOD_MATCH = YES;
				COPY_PHASE_STRIP = NO;
				DEBUG_INFORMATION_FORMAT = dwarf;
				ENABLE_STRICT_OBJC_MSGSEND = YES;
				ENABLE_TESTABILITY = YES;
				GCC_C_LANGUAGE_STANDARD = gnu11;
				GCC_DYNAMIC_NO_PIC = NO;
				GCC_NO_COMMON_BLOCKS = YES;
				GCC_OPTIMIZATION_LEVEL = 0;
				GCC_PREPROCESSOR_DEFINITIONS = (
					"DEBUG=1",
					"$(inherited)",
				);
				GCC_WARN_64_TO_32_BIT_CONVERSION = YES;
				GCC_WARN_ABOUT_RETURN_TYPE = YES_ERROR;
				GCC_WARN_UNDECLARED_SELECTOR = YES;
				GCC_WARN_UNINITIALIZED_AUTOS = YES_AGGRESSIVE;
				GCC_WARN_UNUSED_FUNCTION = YES;
				GCC_WARN_UNUSED_VARIABLE = YES;
				IPHONEOS_DEPLOYMENT_TARGET = 13.0;
				MTL_ENABLE_DEBUG_INFO = INCLUDE_SOURCE;
				MTL_FAST_MATH = YES;
				ONLY_ACTIVE_ARCH = YES;
				SDKROOT = iphoneos;
				SWIFT_ACTIVE_COMPILATION_CONDITIONS = DEBUG;
				SWIFT_OPTIMIZATION_LEVEL = "-Onone";
			};
			name = Debug;
		};
		A0463D3622B6AB0600811228 /* Release */ = {
			isa = XCBuildConfiguration;
			buildSettings = {
				ALWAYS_SEARCH_USER_PATHS = NO;
				CLANG_ANALYZER_NONNULL = YES;
				CLANG_ANALYZER_NUMBER_OBJECT_CONVERSION = YES_AGGRESSIVE;
				CLANG_CXX_LANGUAGE_STANDARD = "gnu++14";
				CLANG_CXX_LIBRARY = "libc++";
				CLANG_ENABLE_MODULES = YES;
				CLANG_ENABLE_OBJC_ARC = YES;
				CLANG_ENABLE_OBJC_WEAK = YES;
				CLANG_WARN_BLOCK_CAPTURE_AUTORELEASING = YES;
				CLANG_WARN_BOOL_CONVERSION = YES;
				CLANG_WARN_COMMA = YES;
				CLANG_WARN_CONSTANT_CONVERSION = YES;
				CLANG_WARN_DEPRECATED_OBJC_IMPLEMENTATIONS = YES;
				CLANG_WARN_DIRECT_OBJC_ISA_USAGE = YES_ERROR;
				CLANG_WARN_DOCUMENTATION_COMMENTS = YES;
				CLANG_WARN_EMPTY_BODY = YES;
				CLANG_WARN_ENUM_CONVERSION = YES;
				CLANG_WARN_INFINITE_RECURSION = YES;
				CLANG_WARN_INT_CONVERSION = YES;
				CLANG_WARN_NON_LITERAL_NULL_CONVERSION = YES;
				CLANG_WARN_OBJC_IMPLICIT_RETAIN_SELF = YES;
				CLANG_WARN_OBJC_LITERAL_CONVERSION = YES;
				CLANG_WARN_OBJC_ROOT_CLASS = YES_ERROR;
				CLANG_WARN_RANGE_LOOP_ANALYSIS = YES;
				CLANG_WARN_STRICT_PROTOTYPES = YES;
				CLANG_WARN_SUSPICIOUS_MOVE = YES;
				CLANG_WARN_UNGUARDED_AVAILABILITY = YES_AGGRESSIVE;
				CLANG_WARN_UNREACHABLE_CODE = YES;
				CLANG_WARN__DUPLICATE_METHOD_MATCH = YES;
				COPY_PHASE_STRIP = NO;
				DEBUG_INFORMATION_FORMAT = "dwarf-with-dsym";
				ENABLE_NS_ASSERTIONS = NO;
				ENABLE_STRICT_OBJC_MSGSEND = YES;
				GCC_C_LANGUAGE_STANDARD = gnu11;
				GCC_NO_COMMON_BLOCKS = YES;
				GCC_WARN_64_TO_32_BIT_CONVERSION = YES;
				GCC_WARN_ABOUT_RETURN_TYPE = YES_ERROR;
				GCC_WARN_UNDECLARED_SELECTOR = YES;
				GCC_WARN_UNINITIALIZED_AUTOS = YES_AGGRESSIVE;
				GCC_WARN_UNUSED_FUNCTION = YES;
				GCC_WARN_UNUSED_VARIABLE = YES;
				IPHONEOS_DEPLOYMENT_TARGET = 13.0;
				MTL_ENABLE_DEBUG_INFO = NO;
				MTL_FAST_MATH = YES;
				SDKROOT = iphoneos;
				SWIFT_COMPILATION_MODE = wholemodule;
				SWIFT_OPTIMIZATION_LEVEL = "-O";
				VALIDATE_PRODUCT = YES;
			};
			name = Release;
		};
		A0463D3822B6AB0600811228 /* Debug */ = {
			isa = XCBuildConfiguration;
			buildSettings = {
				ASSETCATALOG_COMPILER_APPICON_NAME = AppIcon;
				CODE_SIGN_STYLE = Automatic;
				DEVELOPMENT_ASSET_PATHS = "SwiftUIMVVMSample/Preview\\ Content";
				DEVELOPMENT_TEAM = 76X7T9V277;
				ENABLE_PREVIEWS = YES;
				INFOPLIST_FILE = SwiftUIMVVMSample/Info.plist;
				LD_RUNPATH_SEARCH_PATHS = (
					"$(inherited)",
					"@executable_path/Frameworks",
				);
				PRODUCT_BUNDLE_IDENTIFIER = com.nishith.SwiftUIMVVMSample;
				PRODUCT_NAME = "$(TARGET_NAME)";
				SWIFT_VERSION = 5.0;
				TARGETED_DEVICE_FAMILY = "1,2";
			};
			name = Debug;
		};
		A0463D3922B6AB0600811228 /* Release */ = {
			isa = XCBuildConfiguration;
			buildSettings = {
				ASSETCATALOG_COMPILER_APPICON_NAME = AppIcon;
				CODE_SIGN_STYLE = Automatic;
				DEVELOPMENT_ASSET_PATHS = "SwiftUIMVVMSample/Preview\\ Content";
				DEVELOPMENT_TEAM = 76X7T9V277;
				ENABLE_PREVIEWS = YES;
				INFOPLIST_FILE = SwiftUIMVVMSample/Info.plist;
				LD_RUNPATH_SEARCH_PATHS = (
					"$(inherited)",
					"@executable_path/Frameworks",
				);
				PRODUCT_BUNDLE_IDENTIFIER = com.nishith.SwiftUIMVVMSample;
				PRODUCT_NAME = "$(TARGET_NAME)";
				SWIFT_VERSION = 5.0;
				TARGETED_DEVICE_FAMILY = "1,2";
			};
			name = Release;
		};
/* End XCBuildConfiguration section */

/* Begin XCConfigurationList section */
		A0463D1E22B6AB0400811228 /* Build configuration list for PBXProject "SwiftUIMVVMSample" */ = {
			isa = XCConfigurationList;
			buildConfigurations = (
				A0463D3522B6AB0600811228 /* Debug */,
				A0463D3622B6AB0600811228 /* Release */,
			);
			defaultConfigurationIsVisible = 0;
			defaultConfigurationName = Release;
		};
		A0463D3722B6AB0600811228 /* Build configuration list for PBXNativeTarget "SwiftUIMVVMSample" */ = {
			isa = XCConfigurationList;
			buildConfigurations = (
				A0463D3822B6AB0600811228 /* Debug */,
				A0463D3922B6AB0600811228 /* Release */,
			);
			defaultConfigurationIsVisible = 0;
			defaultConfigurationName = Release;
		};
/* End XCConfigurationList section */
	};
	rootObject = A0463D1B22B6AB0400811228 /* Project object */;
}
